// !$*UTF8*$!
{
	archiveVersion = 1;
	classes = {
	};
	objectVersion = 46;
	objects = {

/* Begin PBXBuildFile section */
		35012FE21F4FE03800BB0082 /* MyCollectionVC.swift in Sources */ = {isa = PBXBuildFile; fileRef = 35012FE11F4FE03800BB0082 /* MyCollectionVC.swift */; };
		3508CD171F4DFE45002C7C8E /* AnimalListVC.swift in Sources */ = {isa = PBXBuildFile; fileRef = 3508CD161F4DFE45002C7C8E /* AnimalListVC.swift */; };
		3508CD191F4DFFAD002C7C8E /* TableViewCellAnimal.swift in Sources */ = {isa = PBXBuildFile; fileRef = 3508CD181F4DFFAD002C7C8E /* TableViewCellAnimal.swift */; };
		3508CD1B1F4E09AB002C7C8E /* AnimalDetailsVc.swift in Sources */ = {isa = PBXBuildFile; fileRef = 3508CD1A1F4E09AB002C7C8E /* AnimalDetailsVc.swift */; };
		350B71FF1F467E53002A77C5 /* splash_bg.jpeg in Resources */ = {isa = PBXBuildFile; fileRef = 350B71FE1F467E53002A77C5 /* splash_bg.jpeg */; };
		355F808C1F39385E0008AA99 /* AppDelegate.swift in Sources */ = {isa = PBXBuildFile; fileRef = 355F808B1F39385E0008AA99 /* AppDelegate.swift */; };
		355F808E1F39385E0008AA99 /* ViewController.swift in Sources */ = {isa = PBXBuildFile; fileRef = 355F808D1F39385E0008AA99 /* ViewController.swift */; };
		355F80911F39385E0008AA99 /* Main.storyboard in Resources */ = {isa = PBXBuildFile; fileRef = 355F808F1F39385E0008AA99 /* Main.storyboard */; };
		355F80931F39385E0008AA99 /* Assets.xcassets in Resources */ = {isa = PBXBuildFile; fileRef = 355F80921F39385E0008AA99 /* Assets.xcassets */; };
		355F80961F39385E0008AA99 /* LaunchScreen.storyboard in Resources */ = {isa = PBXBuildFile; fileRef = 355F80941F39385E0008AA99 /* LaunchScreen.storyboard */; };
		355F80A11F393A2E0008AA99 /* BaseViewController.swift in Sources */ = {isa = PBXBuildFile; fileRef = 355F80A01F393A2E0008AA99 /* BaseViewController.swift */; };
		355F80A41F393A850008AA99 /* ProgressHUD.swift in Sources */ = {isa = PBXBuildFile; fileRef = 355F80A31F393A850008AA99 /* ProgressHUD.swift */; };
		355F80A81F393AFA0008AA99 /* CommonUtility.swift in Sources */ = {isa = PBXBuildFile; fileRef = 355F80A71F393AFA0008AA99 /* CommonUtility.swift */; };
		3563AAEA1F4F67DF00BFC205 /* cupcake.jpg in Resources */ = {isa = PBXBuildFile; fileRef = 3563AAE11F4F67DF00BFC205 /* cupcake.jpg */; };
		3563AAEB1F4F67DF00BFC205 /* donunt.jpeg in Resources */ = {isa = PBXBuildFile; fileRef = 3563AAE21F4F67DF00BFC205 /* donunt.jpeg */; };
		3563AAEC1F4F67DF00BFC205 /* eclair.jpeg in Resources */ = {isa = PBXBuildFile; fileRef = 3563AAE31F4F67DF00BFC205 /* eclair.jpeg */; };
		3563AAED1F4F67DF00BFC205 /* froyo.jpg in Resources */ = {isa = PBXBuildFile; fileRef = 3563AAE41F4F67DF00BFC205 /* froyo.jpg */; };
		3563AAEE1F4F67DF00BFC205 /* gingerbread.jpg in Resources */ = {isa = PBXBuildFile; fileRef = 3563AAE51F4F67DF00BFC205 /* gingerbread.jpg */; };
		3563AAEF1F4F67DF00BFC205 /* honeycomb.png in Resources */ = {isa = PBXBuildFile; fileRef = 3563AAE61F4F67DF00BFC205 /* honeycomb.png */; };
		3563AAF01F4F67DF00BFC205 /* icream_sandwitch.png in Resources */ = {isa = PBXBuildFile; fileRef = 3563AAE71F4F67DF00BFC205 /* icream_sandwitch.png */; };
		3563AAF11F4F67DF00BFC205 /* jellybean.jpeg in Resources */ = {isa = PBXBuildFile; fileRef = 3563AAE81F4F67DF00BFC205 /* jellybean.jpeg */; };
		3563AAF21F4F67DF00BFC205 /* kitkat.jpg in Resources */ = {isa = PBXBuildFile; fileRef = 3563AAE91F4F67DF00BFC205 /* kitkat.jpg */; };
		3563AAF41F4F72BA00BFC205 /* CollectionCell.swift in Sources */ = {isa = PBXBuildFile; fileRef = 3563AAF31F4F72BA00BFC205 /* CollectionCell.swift */; };
		35C2C2DC1F4BBE8E0045EC96 /* bear.jpeg in Resources */ = {isa = PBXBuildFile; fileRef = 35C2C2D21F4BBE8E0045EC96 /* bear.jpeg */; };
		35C2C2DD1F4BBE8E0045EC96 /* camel.jpeg in Resources */ = {isa = PBXBuildFile; fileRef = 35C2C2D31F4BBE8E0045EC96 /* camel.jpeg */; };
		35C2C2DE1F4BBE8E0045EC96 /* goat.jpeg in Resources */ = {isa = PBXBuildFile; fileRef = 35C2C2D41F4BBE8E0045EC96 /* goat.jpeg */; };
		35C2C2DF1F4BBE8E0045EC96 /* leopard.jpg in Resources */ = {isa = PBXBuildFile; fileRef = 35C2C2D51F4BBE8E0045EC96 /* leopard.jpg */; };
		35C2C2E01F4BBE8E0045EC96 /* lion.jpg in Resources */ = {isa = PBXBuildFile; fileRef = 35C2C2D61F4BBE8E0045EC96 /* lion.jpg */; };
		35C2C2E11F4BBE8E0045EC96 /* panda.jpg in Resources */ = {isa = PBXBuildFile; fileRef = 35C2C2D71F4BBE8E0045EC96 /* panda.jpg */; };
		35C2C2E21F4BBE8E0045EC96 /* puppy.jpeg in Resources */ = {isa = PBXBuildFile; fileRef = 35C2C2D81F4BBE8E0045EC96 /* puppy.jpeg */; };
		35C2C2E31F4BBE8E0045EC96 /* rabit.jpeg in Resources */ = {isa = PBXBuildFile; fileRef = 35C2C2D91F4BBE8E0045EC96 /* rabit.jpeg */; };
		35C2C2E41F4BBE8E0045EC96 /* zebra.jpeg in Resources */ = {isa = PBXBuildFile; fileRef = 35C2C2DA1F4BBE8E0045EC96 /* zebra.jpeg */; };
		35C2C2E51F4BBE8E0045EC96 /* ziraf.jpeg in Resources */ = {isa = PBXBuildFile; fileRef = 35C2C2DB1F4BBE8E0045EC96 /* ziraf.jpeg */; };
		35C443671F5722F90067BC6C /* NetworkViewController.swift in Sources */ = {isa = PBXBuildFile; fileRef = 35C443661F5722F90067BC6C /* NetworkViewController.swift */; };
		35C443691F57274C0067BC6C /* NetworkTableCell.swift in Sources */ = {isa = PBXBuildFile; fileRef = 35C443681F57274C0067BC6C /* NetworkTableCell.swift */; };
		35C4436B1F5738A20067BC6C /* LoginVc.swift in Sources */ = {isa = PBXBuildFile; fileRef = 35C4436A1F5738A20067BC6C /* LoginVc.swift */; };
		35CAC4341F4B296D0058F252 /* MyTableViewController.swift in Sources */ = {isa = PBXBuildFile; fileRef = 35CAC4331F4B296D0058F252 /* MyTableViewController.swift */; };
		35CAC4361F4B29DF0058F252 /* HappyHour.swift in Sources */ = {isa = PBXBuildFile; fileRef = 35CAC4351F4B29DF0058F252 /* HappyHour.swift */; };
		35D5BBF81F505379005D52AB /* ImageCollectionViewCell.swift in Sources */ = {isa = PBXBuildFile; fileRef = 35D5BBF71F505379005D52AB /* ImageCollectionViewCell.swift */; };
		35D5BBFA1F5053F1005D52AB /* MultiCollectionVC.swift in Sources */ = {isa = PBXBuildFile; fileRef = 35D5BBF91F5053F1005D52AB /* MultiCollectionVC.swift */; };
		35DB89231F4B009B0059A6C8 /* CommonUtils.swift in Sources */ = {isa = PBXBuildFile; fileRef = 35DB89221F4B009B0059A6C8 /* CommonUtils.swift */; };
		35DB89261F4B0F330059A6C8 /* ImageViewController.swift in Sources */ = {isa = PBXBuildFile; fileRef = 35DB89251F4B0F330059A6C8 /* ImageViewController.swift */; };
		35E461701F4B5D91008DB3E4 /* DetailsViewController.swift in Sources */ = {isa = PBXBuildFile; fileRef = 35E4616F1F4B5D91008DB3E4 /* DetailsViewController.swift */; };
		927E0E2B2E12BD5A22286846 /* Pods_Iphone_RND.framework in Frameworks */ = {isa = PBXBuildFile; fileRef = 739D378A4C0C93DCCF3989A8 /* Pods_Iphone_RND.framework */; };
/* End PBXBuildFile section */

/* Begin PBXFileReference section */
		12E01FF484D493C12EF3083C /* Pods-Iphone RND.release.xcconfig */ = {isa = PBXFileReference; includeInIndex = 1; lastKnownFileType = text.xcconfig; name = "Pods-Iphone RND.release.xcconfig"; path = "Pods/Target Support Files/Pods-Iphone RND/Pods-Iphone RND.release.xcconfig"; sourceTree = "<group>"; };
		35012FE11F4FE03800BB0082 /* MyCollectionVC.swift */ = {isa = PBXFileReference; fileEncoding = 4; lastKnownFileType = sourcecode.swift; path = MyCollectionVC.swift; sourceTree = "<group>"; };
		3508CD161F4DFE45002C7C8E /* AnimalListVC.swift */ = {isa = PBXFileReference; fileEncoding = 4; lastKnownFileType = sourcecode.swift; path = AnimalListVC.swift; sourceTree = "<group>"; };
		3508CD181F4DFFAD002C7C8E /* TableViewCellAnimal.swift */ = {isa = PBXFileReference; fileEncoding = 4; lastKnownFileType = sourcecode.swift; path = TableViewCellAnimal.swift; sourceTree = "<group>"; };
		3508CD1A1F4E09AB002C7C8E /* AnimalDetailsVc.swift */ = {isa = PBXFileReference; fileEncoding = 4; lastKnownFileType = sourcecode.swift; path = AnimalDetailsVc.swift; sourceTree = "<group>"; };
		350B71FE1F467E53002A77C5 /* splash_bg.jpeg */ = {isa = PBXFileReference; lastKnownFileType = image.jpeg; path = splash_bg.jpeg; sourceTree = "<group>"; };
		355F80881F39385E0008AA99 /* Iphone RND.app */ = {isa = PBXFileReference; explicitFileType = wrapper.application; includeInIndex = 0; path = "Iphone RND.app"; sourceTree = BUILT_PRODUCTS_DIR; };
		355F808B1F39385E0008AA99 /* AppDelegate.swift */ = {isa = PBXFileReference; lastKnownFileType = sourcecode.swift; path = AppDelegate.swift; sourceTree = "<group>"; };
		355F808D1F39385E0008AA99 /* ViewController.swift */ = {isa = PBXFileReference; lastKnownFileType = sourcecode.swift; path = ViewController.swift; sourceTree = "<group>"; };
		355F80901F39385E0008AA99 /* Base */ = {isa = PBXFileReference; lastKnownFileType = file.storyboard; name = Base; path = Base.lproj/Main.storyboard; sourceTree = "<group>"; };
		355F80921F39385E0008AA99 /* Assets.xcassets */ = {isa = PBXFileReference; lastKnownFileType = folder.assetcatalog; path = Assets.xcassets; sourceTree = "<group>"; };
		355F80951F39385E0008AA99 /* Base */ = {isa = PBXFileReference; lastKnownFileType = file.storyboard; name = Base; path = Base.lproj/LaunchScreen.storyboard; sourceTree = "<group>"; };
		355F80971F39385E0008AA99 /* Info.plist */ = {isa = PBXFileReference; lastKnownFileType = text.plist.xml; path = Info.plist; sourceTree = "<group>"; };
		355F80A01F393A2E0008AA99 /* BaseViewController.swift */ = {isa = PBXFileReference; fileEncoding = 4; lastKnownFileType = sourcecode.swift; path = BaseViewController.swift; sourceTree = "<group>"; };
		355F80A31F393A850008AA99 /* ProgressHUD.swift */ = {isa = PBXFileReference; fileEncoding = 4; lastKnownFileType = sourcecode.swift; path = ProgressHUD.swift; sourceTree = "<group>"; };
		355F80A71F393AFA0008AA99 /* CommonUtility.swift */ = {isa = PBXFileReference; fileEncoding = 4; lastKnownFileType = sourcecode.swift; name = CommonUtility.swift; path = ../CommonUtility.swift; sourceTree = "<group>"; };
		3563AAE11F4F67DF00BFC205 /* cupcake.jpg */ = {isa = PBXFileReference; lastKnownFileType = image.jpeg; path = cupcake.jpg; sourceTree = "<group>"; };
		3563AAE21F4F67DF00BFC205 /* donunt.jpeg */ = {isa = PBXFileReference; lastKnownFileType = image.jpeg; path = donunt.jpeg; sourceTree = "<group>"; };
		3563AAE31F4F67DF00BFC205 /* eclair.jpeg */ = {isa = PBXFileReference; lastKnownFileType = image.jpeg; path = eclair.jpeg; sourceTree = "<group>"; };
		3563AAE41F4F67DF00BFC205 /* froyo.jpg */ = {isa = PBXFileReference; lastKnownFileType = image.jpeg; path = froyo.jpg; sourceTree = "<group>"; };
		3563AAE51F4F67DF00BFC205 /* gingerbread.jpg */ = {isa = PBXFileReference; lastKnownFileType = image.jpeg; path = gingerbread.jpg; sourceTree = "<group>"; };
		3563AAE61F4F67DF00BFC205 /* honeycomb.png */ = {isa = PBXFileReference; lastKnownFileType = image.png; path = honeycomb.png; sourceTree = "<group>"; };
		3563AAE71F4F67DF00BFC205 /* icream_sandwitch.png */ = {isa = PBXFileReference; lastKnownFileType = image.png; path = icream_sandwitch.png; sourceTree = "<group>"; };
		3563AAE81F4F67DF00BFC205 /* jellybean.jpeg */ = {isa = PBXFileReference; lastKnownFileType = image.jpeg; path = jellybean.jpeg; sourceTree = "<group>"; };
		3563AAE91F4F67DF00BFC205 /* kitkat.jpg */ = {isa = PBXFileReference; lastKnownFileType = image.jpeg; path = kitkat.jpg; sourceTree = "<group>"; };
		3563AAF31F4F72BA00BFC205 /* CollectionCell.swift */ = {isa = PBXFileReference; fileEncoding = 4; lastKnownFileType = sourcecode.swift; path = CollectionCell.swift; sourceTree = "<group>"; };
		35C2C2D21F4BBE8E0045EC96 /* bear.jpeg */ = {isa = PBXFileReference; lastKnownFileType = image.jpeg; path = bear.jpeg; sourceTree = "<group>"; };
		35C2C2D31F4BBE8E0045EC96 /* camel.jpeg */ = {isa = PBXFileReference; lastKnownFileType = image.jpeg; path = camel.jpeg; sourceTree = "<group>"; };
		35C2C2D41F4BBE8E0045EC96 /* goat.jpeg */ = {isa = PBXFileReference; lastKnownFileType = image.jpeg; path = goat.jpeg; sourceTree = "<group>"; };
		35C2C2D51F4BBE8E0045EC96 /* leopard.jpg */ = {isa = PBXFileReference; lastKnownFileType = image.jpeg; path = leopard.jpg; sourceTree = "<group>"; };
		35C2C2D61F4BBE8E0045EC96 /* lion.jpg */ = {isa = PBXFileReference; lastKnownFileType = image.jpeg; path = lion.jpg; sourceTree = "<group>"; };
		35C2C2D71F4BBE8E0045EC96 /* panda.jpg */ = {isa = PBXFileReference; lastKnownFileType = image.jpeg; path = panda.jpg; sourceTree = "<group>"; };
		35C2C2D81F4BBE8E0045EC96 /* puppy.jpeg */ = {isa = PBXFileReference; lastKnownFileType = image.jpeg; path = puppy.jpeg; sourceTree = "<group>"; };
		35C2C2D91F4BBE8E0045EC96 /* rabit.jpeg */ = {isa = PBXFileReference; lastKnownFileType = image.jpeg; path = rabit.jpeg; sourceTree = "<group>"; };
		35C2C2DA1F4BBE8E0045EC96 /* zebra.jpeg */ = {isa = PBXFileReference; lastKnownFileType = image.jpeg; path = zebra.jpeg; sourceTree = "<group>"; };
		35C2C2DB1F4BBE8E0045EC96 /* ziraf.jpeg */ = {isa = PBXFileReference; lastKnownFileType = image.jpeg; path = ziraf.jpeg; sourceTree = "<group>"; };
		35C443661F5722F90067BC6C /* NetworkViewController.swift */ = {isa = PBXFileReference; fileEncoding = 4; lastKnownFileType = sourcecode.swift; path = NetworkViewController.swift; sourceTree = "<group>"; };
		35C443681F57274C0067BC6C /* NetworkTableCell.swift */ = {isa = PBXFileReference; fileEncoding = 4; lastKnownFileType = sourcecode.swift; path = NetworkTableCell.swift; sourceTree = "<group>"; };
		35C4436A1F5738A20067BC6C /* LoginVc.swift */ = {isa = PBXFileReference; fileEncoding = 4; lastKnownFileType = sourcecode.swift; path = LoginVc.swift; sourceTree = "<group>"; };
		35CAC4331F4B296D0058F252 /* MyTableViewController.swift */ = {isa = PBXFileReference; fileEncoding = 4; lastKnownFileType = sourcecode.swift; path = MyTableViewController.swift; sourceTree = "<group>"; };
		35CAC4351F4B29DF0058F252 /* HappyHour.swift */ = {isa = PBXFileReference; fileEncoding = 4; lastKnownFileType = sourcecode.swift; path = HappyHour.swift; sourceTree = "<group>"; };
		35D5BBF71F505379005D52AB /* ImageCollectionViewCell.swift */ = {isa = PBXFileReference; fileEncoding = 4; lastKnownFileType = sourcecode.swift; path = ImageCollectionViewCell.swift; sourceTree = "<group>"; };
		35D5BBF91F5053F1005D52AB /* MultiCollectionVC.swift */ = {isa = PBXFileReference; fileEncoding = 4; lastKnownFileType = sourcecode.swift; path = MultiCollectionVC.swift; sourceTree = "<group>"; };
		35DB89221F4B009B0059A6C8 /* CommonUtils.swift */ = {isa = PBXFileReference; fileEncoding = 4; lastKnownFileType = sourcecode.swift; path = CommonUtils.swift; sourceTree = "<group>"; };
		35DB89251F4B0F330059A6C8 /* ImageViewController.swift */ = {isa = PBXFileReference; fileEncoding = 4; lastKnownFileType = sourcecode.swift; path = ImageViewController.swift; sourceTree = "<group>"; };
		35E4616F1F4B5D91008DB3E4 /* DetailsViewController.swift */ = {isa = PBXFileReference; fileEncoding = 4; lastKnownFileType = sourcecode.swift; path = DetailsViewController.swift; sourceTree = "<group>"; };
		739D378A4C0C93DCCF3989A8 /* Pods_Iphone_RND.framework */ = {isa = PBXFileReference; explicitFileType = wrapper.framework; includeInIndex = 0; path = Pods_Iphone_RND.framework; sourceTree = BUILT_PRODUCTS_DIR; };
		D65783B4565503D75E049BD0 /* Pods-Iphone RND.debug.xcconfig */ = {isa = PBXFileReference; includeInIndex = 1; lastKnownFileType = text.xcconfig; name = "Pods-Iphone RND.debug.xcconfig"; path = "Pods/Target Support Files/Pods-Iphone RND/Pods-Iphone RND.debug.xcconfig"; sourceTree = "<group>"; };
/* End PBXFileReference section */

/* Begin PBXFrameworksBuildPhase section */
		355F80851F39385E0008AA99 /* Frameworks */ = {
			isa = PBXFrameworksBuildPhase;
			buildActionMask = 2147483647;
			files = (
				927E0E2B2E12BD5A22286846 /* Pods_Iphone_RND.framework in Frameworks */,
			);
			runOnlyForDeploymentPostprocessing = 0;
		};
/* End PBXFrameworksBuildPhase section */

/* Begin PBXGroup section */
		355F807F1F39385E0008AA99 = {
			isa = PBXGroup;
			children = (
				355F808A1F39385E0008AA99 /* Iphone RND */,
				355F80891F39385E0008AA99 /* Products */,
				D34044E242835B0BEB1F33D2 /* Pods */,
				B00AB814224A32E7CB0B8958 /* Frameworks */,
			);
			sourceTree = "<group>";
		};
		355F80891F39385E0008AA99 /* Products */ = {
			isa = PBXGroup;
			children = (
				355F80881F39385E0008AA99 /* Iphone RND.app */,
			);
			name = Products;
			sourceTree = "<group>";
		};
		355F808A1F39385E0008AA99 /* Iphone RND */ = {
			isa = PBXGroup;
			children = (
				35DB89241F4B0F170059A6C8 /* ui */,
				35DB89211F4B00660059A6C8 /* utility */,
				355F809D1F39392C0008AA99 /* base */,
				355F808B1F39385E0008AA99 /* AppDelegate.swift */,
				355F808D1F39385E0008AA99 /* ViewController.swift */,
				355F808F1F39385E0008AA99 /* Main.storyboard */,
				355F80921F39385E0008AA99 /* Assets.xcassets */,
				350B71FE1F467E53002A77C5 /* splash_bg.jpeg */,
				355F80941F39385E0008AA99 /* LaunchScreen.storyboard */,
				355F80971F39385E0008AA99 /* Info.plist */,
				35C2C2D11F4BBE6A0045EC96 /* images */,
			);
			path = "Iphone RND";
			sourceTree = "<group>";
		};
		355F809D1F39392C0008AA99 /* base */ = {
			isa = PBXGroup;
			children = (
				355F80A01F393A2E0008AA99 /* BaseViewController.swift */,
				355F80A21F393A420008AA99 /* utility */,
			);
			name = base;
			sourceTree = "<group>";
		};
		355F80A21F393A420008AA99 /* utility */ = {
			isa = PBXGroup;
			children = (
				355F80A71F393AFA0008AA99 /* CommonUtility.swift */,
				355F80A31F393A850008AA99 /* ProgressHUD.swift */,
			);
			name = utility;
			sourceTree = "<group>";
		};
		3563AADE1F4F62D500BFC205 /* collection */ = {
			isa = PBXGroup;
			children = (
				3563AAF31F4F72BA00BFC205 /* CollectionCell.swift */,
				35012FE11F4FE03800BB0082 /* MyCollectionVC.swift */,
			);
			name = collection;
			sourceTree = "<group>";
		};
		35C2C2D11F4BBE6A0045EC96 /* images */ = {
			isa = PBXGroup;
			children = (
				3563AAE11F4F67DF00BFC205 /* cupcake.jpg */,
				3563AAE21F4F67DF00BFC205 /* donunt.jpeg */,
				3563AAE31F4F67DF00BFC205 /* eclair.jpeg */,
				3563AAE41F4F67DF00BFC205 /* froyo.jpg */,
				3563AAE51F4F67DF00BFC205 /* gingerbread.jpg */,
				3563AAE61F4F67DF00BFC205 /* honeycomb.png */,
				3563AAE71F4F67DF00BFC205 /* icream_sandwitch.png */,
				3563AAE81F4F67DF00BFC205 /* jellybean.jpeg */,
				3563AAE91F4F67DF00BFC205 /* kitkat.jpg */,
				35C2C2D21F4BBE8E0045EC96 /* bear.jpeg */,
				35C2C2D31F4BBE8E0045EC96 /* camel.jpeg */,
				35C2C2D41F4BBE8E0045EC96 /* goat.jpeg */,
				35C2C2D51F4BBE8E0045EC96 /* leopard.jpg */,
				35C2C2D61F4BBE8E0045EC96 /* lion.jpg */,
				35C2C2D71F4BBE8E0045EC96 /* panda.jpg */,
				35C2C2D81F4BBE8E0045EC96 /* puppy.jpeg */,
				35C2C2D91F4BBE8E0045EC96 /* rabit.jpeg */,
				35C2C2DA1F4BBE8E0045EC96 /* zebra.jpeg */,
				35C2C2DB1F4BBE8E0045EC96 /* ziraf.jpeg */,
			);
			name = images;
			sourceTree = "<group>";
		};
		35C443651F5722D90067BC6C /* network */ = {
			isa = PBXGroup;
			children = (
				35C443661F5722F90067BC6C /* NetworkViewController.swift */,
				35C443681F57274C0067BC6C /* NetworkTableCell.swift */,
			);
			name = network;
			sourceTree = "<group>";
		};
		35D5BBF61F5048EB005D52AB /* multiCollectionView */ = {
			isa = PBXGroup;
			children = (
				35D5BBF71F505379005D52AB /* ImageCollectionViewCell.swift */,
				35D5BBF91F5053F1005D52AB /* MultiCollectionVC.swift */,
			);
			name = multiCollectionView;
			sourceTree = "<group>";
		};
		35DB89211F4B00660059A6C8 /* utility */ = {
			isa = PBXGroup;
			children = (
				35DB89221F4B009B0059A6C8 /* CommonUtils.swift */,
			);
			name = utility;
			sourceTree = "<group>";
		};
		35DB89241F4B0F170059A6C8 /* ui */ = {
			isa = PBXGroup;
			children = (
				35C443651F5722D90067BC6C /* network */,
				35D5BBF61F5048EB005D52AB /* multiCollectionView */,
				3563AADE1F4F62D500BFC205 /* collection */,
				35E4616F1F4B5D91008DB3E4 /* DetailsViewController.swift */,
				35DB89251F4B0F330059A6C8 /* ImageViewController.swift */,
				35CAC4331F4B296D0058F252 /* MyTableViewController.swift */,
				35CAC4351F4B29DF0058F252 /* HappyHour.swift */,
				3508CD161F4DFE45002C7C8E /* AnimalListVC.swift */,
				3508CD181F4DFFAD002C7C8E /* TableViewCellAnimal.swift */,
				3508CD1A1F4E09AB002C7C8E /* AnimalDetailsVc.swift */,
				35C4436A1F5738A20067BC6C /* LoginVc.swift */,
			);
			name = ui;
			sourceTree = "<group>";
		};
		B00AB814224A32E7CB0B8958 /* Frameworks */ = {
			isa = PBXGroup;
			children = (
				739D378A4C0C93DCCF3989A8 /* Pods_Iphone_RND.framework */,
			);
			name = Frameworks;
			sourceTree = "<group>";
		};
		D34044E242835B0BEB1F33D2 /* Pods */ = {
			isa = PBXGroup;
			children = (
				D65783B4565503D75E049BD0 /* Pods-Iphone RND.debug.xcconfig */,
				12E01FF484D493C12EF3083C /* Pods-Iphone RND.release.xcconfig */,
			);
			name = Pods;
			sourceTree = "<group>";
		};
/* End PBXGroup section */

/* Begin PBXNativeTarget section */
		355F80871F39385E0008AA99 /* Iphone RND */ = {
			isa = PBXNativeTarget;
			buildConfigurationList = 355F809A1F39385E0008AA99 /* Build configuration list for PBXNativeTarget "Iphone RND" */;
			buildPhases = (
				B8021648AB5D35ADB8950058 /* [CP] Check Pods Manifest.lock */,
				355F80841F39385E0008AA99 /* Sources */,
				355F80851F39385E0008AA99 /* Frameworks */,
				355F80861F39385E0008AA99 /* Resources */,
				ED08DC2EDF30940410CF6495 /* [CP] Embed Pods Frameworks */,
				7FF730A5EC179F87EE24CD54 /* [CP] Copy Pods Resources */,
			);
			buildRules = (
			);
			dependencies = (
			);
			name = "Iphone RND";
			productName = "Iphone RND";
			productReference = 355F80881F39385E0008AA99 /* Iphone RND.app */;
			productType = "com.apple.product-type.application";
		};
/* End PBXNativeTarget section */

/* Begin PBXProject section */
		355F80801F39385E0008AA99 /* Project object */ = {
			isa = PBXProject;
			attributes = {
				LastSwiftUpdateCheck = 0800;
				LastUpgradeCheck = 0800;
				ORGANIZATIONNAME = "SP inc";
				TargetAttributes = {
					355F80871F39385E0008AA99 = {
						CreatedOnToolsVersion = 8.0;
						ProvisioningStyle = Automatic;
					};
				};
			};
			buildConfigurationList = 355F80831F39385E0008AA99 /* Build configuration list for PBXProject "Iphone RND" */;
			compatibilityVersion = "Xcode 3.2";
			developmentRegion = English;
			hasScannedForEncodings = 0;
			knownRegions = (
				en,
				Base,
			);
			mainGroup = 355F807F1F39385E0008AA99;
			productRefGroup = 355F80891F39385E0008AA99 /* Products */;
			projectDirPath = "";
			projectRoot = "";
			targets = (
				355F80871F39385E0008AA99 /* Iphone RND */,
			);
		};
/* End PBXProject section */

/* Begin PBXResourcesBuildPhase section */
		355F80861F39385E0008AA99 /* Resources */ = {
			isa = PBXResourcesBuildPhase;
			buildActionMask = 2147483647;
			files = (
				3563AAF21F4F67DF00BFC205 /* kitkat.jpg in Resources */,
				35C2C2E11F4BBE8E0045EC96 /* panda.jpg in Resources */,
				3563AAF01F4F67DF00BFC205 /* icream_sandwitch.png in Resources */,
				35C2C2DE1F4BBE8E0045EC96 /* goat.jpeg in Resources */,
				35C2C2DF1F4BBE8E0045EC96 /* leopard.jpg in Resources */,
				355F80961F39385E0008AA99 /* LaunchScreen.storyboard in Resources */,
				3563AAEA1F4F67DF00BFC205 /* cupcake.jpg in Resources */,
				3563AAF11F4F67DF00BFC205 /* jellybean.jpeg in Resources */,
				3563AAED1F4F67DF00BFC205 /* froyo.jpg in Resources */,
				350B71FF1F467E53002A77C5 /* splash_bg.jpeg in Resources */,
				35C2C2E01F4BBE8E0045EC96 /* lion.jpg in Resources */,
				3563AAEF1F4F67DF00BFC205 /* honeycomb.png in Resources */,
				3563AAEB1F4F67DF00BFC205 /* donunt.jpeg in Resources */,
				35C2C2E51F4BBE8E0045EC96 /* ziraf.jpeg in Resources */,
				3563AAEE1F4F67DF00BFC205 /* gingerbread.jpg in Resources */,
				35C2C2E41F4BBE8E0045EC96 /* zebra.jpeg in Resources */,
				355F80931F39385E0008AA99 /* Assets.xcassets in Resources */,
				35C2C2DC1F4BBE8E0045EC96 /* bear.jpeg in Resources */,
				35C2C2E31F4BBE8E0045EC96 /* rabit.jpeg in Resources */,
				35C2C2E21F4BBE8E0045EC96 /* puppy.jpeg in Resources */,
				35C2C2DD1F4BBE8E0045EC96 /* camel.jpeg in Resources */,
				3563AAEC1F4F67DF00BFC205 /* eclair.jpeg in Resources */,
				355F80911F39385E0008AA99 /* Main.storyboard in Resources */,
			);
			runOnlyForDeploymentPostprocessing = 0;
		};
/* End PBXResourcesBuildPhase section */

/* Begin PBXShellScriptBuildPhase section */
		7FF730A5EC179F87EE24CD54 /* [CP] Copy Pods Resources */ = {
			isa = PBXShellScriptBuildPhase;
			buildActionMask = 2147483647;
			files = (
			);
			inputPaths = (
			);
			name = "[CP] Copy Pods Resources";
			outputPaths = (
			);
			runOnlyForDeploymentPostprocessing = 0;
			shellPath = /bin/sh;
			shellScript = "\"${SRCROOT}/Pods/Target Support Files/Pods-Iphone RND/Pods-Iphone RND-resources.sh\"\n";
			showEnvVarsInLog = 0;
		};
		B8021648AB5D35ADB8950058 /* [CP] Check Pods Manifest.lock */ = {
			isa = PBXShellScriptBuildPhase;
			buildActionMask = 2147483647;
			files = (
			);
			inputPaths = (
			);
			name = "[CP] Check Pods Manifest.lock";
			outputPaths = (
			);
			runOnlyForDeploymentPostprocessing = 0;
			shellPath = /bin/sh;
			shellScript = "diff \"${PODS_ROOT}/../Podfile.lock\" \"${PODS_ROOT}/Manifest.lock\" > /dev/null\nif [ $? != 0 ] ; then\n    # print error to STDERR\n    echo \"error: The sandbox is not in sync with the Podfile.lock. Run 'pod install' or update your CocoaPods installation.\" >&2\n    exit 1\nfi\n";
			showEnvVarsInLog = 0;
		};
		ED08DC2EDF30940410CF6495 /* [CP] Embed Pods Frameworks */ = {
			isa = PBXShellScriptBuildPhase;
			buildActionMask = 2147483647;
			files = (
			);
			inputPaths = (
			);
			name = "[CP] Embed Pods Frameworks";
			outputPaths = (
			);
			runOnlyForDeploymentPostprocessing = 0;
			shellPath = /bin/sh;
			shellScript = "\"${SRCROOT}/Pods/Target Support Files/Pods-Iphone RND/Pods-Iphone RND-frameworks.sh\"\n";
			showEnvVarsInLog = 0;
		};
/* End PBXShellScriptBuildPhase section */

/* Begin PBXSourcesBuildPhase section */
		355F80841F39385E0008AA99 /* Sources */ = {
			isa = PBXSourcesBuildPhase;
			buildActionMask = 2147483647;
			files = (
				35CAC4361F4B29DF0058F252 /* HappyHour.swift in Sources */,
				3508CD191F4DFFAD002C7C8E /* TableViewCellAnimal.swift in Sources */,
				35D5BBF81F505379005D52AB /* ImageCollectionViewCell.swift in Sources */,
				355F808E1F39385E0008AA99 /* ViewController.swift in Sources */,
				355F80A81F393AFA0008AA99 /* CommonUtility.swift in Sources */,
				355F808C1F39385E0008AA99 /* AppDelegate.swift in Sources */,
				35CAC4341F4B296D0058F252 /* MyTableViewController.swift in Sources */,
				35C443671F5722F90067BC6C /* NetworkViewController.swift in Sources */,
				3508CD1B1F4E09AB002C7C8E /* AnimalDetailsVc.swift in Sources */,
				35DB89261F4B0F330059A6C8 /* ImageViewController.swift in Sources */,
				355F80A41F393A850008AA99 /* ProgressHUD.swift in Sources */,
				35C443691F57274C0067BC6C /* NetworkTableCell.swift in Sources */,
				35012FE21F4FE03800BB0082 /* MyCollectionVC.swift in Sources */,
				35DB89231F4B009B0059A6C8 /* CommonUtils.swift in Sources */,
				35C4436B1F5738A20067BC6C /* LoginVc.swift in Sources */,
				35D5BBFA1F5053F1005D52AB /* MultiCollectionVC.swift in Sources */,
				3508CD171F4DFE45002C7C8E /* AnimalListVC.swift in Sources */,
				355F80A11F393A2E0008AA99 /* BaseViewController.swift in Sources */,
				35E461701F4B5D91008DB3E4 /* DetailsViewController.swift in Sources */,
				3563AAF41F4F72BA00BFC205 /* CollectionCell.swift in Sources */,
			);
			runOnlyForDeploymentPostprocessing = 0;
		};
/* End PBXSourcesBuildPhase section */

/* Begin PBXVariantGroup section */
		355F808F1F39385E0008AA99 /* Main.storyboard */ = {
			isa = PBXVariantGroup;
			children = (
				355F80901F39385E0008AA99 /* Base */,
			);
			name = Main.storyboard;
			sourceTree = "<group>";
		};
		355F80941F39385E0008AA99 /* LaunchScreen.storyboard */ = {
			isa = PBXVariantGroup;
			children = (
				355F80951F39385E0008AA99 /* Base */,
			);
			name = LaunchScreen.storyboard;
			sourceTree = "<group>";
		};
/* End PBXVariantGroup section */

/* Begin XCBuildConfiguration section */
		355F80981F39385E0008AA99 /* Debug */ = {
			isa = XCBuildConfiguration;
			buildSettings = {
				ALWAYS_SEARCH_USER_PATHS = NO;
				CLANG_ANALYZER_NONNULL = YES;
				CLANG_CXX_LANGUAGE_STANDARD = "gnu++0x";
				CLANG_CXX_LIBRARY = "libc++";
				CLANG_ENABLE_MODULES = YES;
				CLANG_ENABLE_OBJC_ARC = YES;
				CLANG_WARN_BOOL_CONVERSION = YES;
				CLANG_WARN_CONSTANT_CONVERSION = YES;
				CLANG_WARN_DIRECT_OBJC_ISA_USAGE = YES_ERROR;
				CLANG_WARN_DOCUMENTATION_COMMENTS = YES;
				CLANG_WARN_EMPTY_BODY = YES;
				CLANG_WARN_ENUM_CONVERSION = YES;
				CLANG_WARN_INFINITE_RECURSION = YES;
				CLANG_WARN_INT_CONVERSION = YES;
				CLANG_WARN_OBJC_ROOT_CLASS = YES_ERROR;
				CLANG_WARN_SUSPICIOUS_MOVES = YES;
				CLANG_WARN_UNREACHABLE_CODE = YES;
				CLANG_WARN__DUPLICATE_METHOD_MATCH = YES;
				"CODE_SIGN_IDENTITY[sdk=iphoneos*]" = "iPhone Developer";
				COPY_PHASE_STRIP = NO;
				DEBUG_INFORMATION_FORMAT = dwarf;
				ENABLE_STRICT_OBJC_MSGSEND = YES;
				ENABLE_TESTABILITY = YES;
				GCC_C_LANGUAGE_STANDARD = gnu99;
				GCC_DYNAMIC_NO_PIC = NO;
				GCC_NO_COMMON_BLOCKS = YES;
				GCC_OPTIMIZATION_LEVEL = 0;
				GCC_PREPROCESSOR_DEFINITIONS = (
					"DEBUG=1",
					"$(inherited)",
				);
				GCC_WARN_64_TO_32_BIT_CONVERSION = YES;
				GCC_WARN_ABOUT_RETURN_TYPE = YES_ERROR;
				GCC_WARN_UNDECLARED_SELECTOR = YES;
				GCC_WARN_UNINITIALIZED_AUTOS = YES_AGGRESSIVE;
				GCC_WARN_UNUSED_FUNCTION = YES;
				GCC_WARN_UNUSED_VARIABLE = YES;
				IPHONEOS_DEPLOYMENT_TARGET = 10.0;
				MTL_ENABLE_DEBUG_INFO = YES;
				ONLY_ACTIVE_ARCH = YES;
				SDKROOT = iphoneos;
				SWIFT_ACTIVE_COMPILATION_CONDITIONS = DEBUG;
				SWIFT_OPTIMIZATION_LEVEL = "-Onone";
			};
			name = Debug;
		};
		355F80991F39385E0008AA99 /* Release */ = {
			isa = XCBuildConfiguration;
			buildSettings = {
				ALWAYS_SEARCH_USER_PATHS = NO;
				CLANG_ANALYZER_NONNULL = YES;
				CLANG_CXX_LANGUAGE_STANDARD = "gnu++0x";
				CLANG_CXX_LIBRARY = "libc++";
				CLANG_ENABLE_MODULES = YES;
				CLANG_ENABLE_OBJC_ARC = YES;
				CLANG_WARN_BOOL_CONVERSION = YES;
				CLANG_WARN_CONSTANT_CONVERSION = YES;
				CLANG_WARN_DIRECT_OBJC_ISA_USAGE = YES_ERROR;
				CLANG_WARN_DOCUMENTATION_COMMENTS = YES;
				CLANG_WARN_EMPTY_BODY = YES;
				CLANG_WARN_ENUM_CONVERSION = YES;
				CLANG_WARN_INFINITE_RECURSION = YES;
				CLANG_WARN_INT_CONVERSION = YES;
				CLANG_WARN_OBJC_ROOT_CLASS = YES_ERROR;
				CLANG_WARN_SUSPICIOUS_MOVES = YES;
				CLANG_WARN_UNREACHABLE_CODE = YES;
				CLANG_WARN__DUPLICATE_METHOD_MATCH = YES;
				"CODE_SIGN_IDENTITY[sdk=iphoneos*]" = "iPhone Developer";
				COPY_PHASE_STRIP = NO;
				DEBUG_INFORMATION_FORMAT = "dwarf-with-dsym";
				ENABLE_NS_ASSERTIONS = NO;
				ENABLE_STRICT_OBJC_MSGSEND = YES;
				GCC_C_LANGUAGE_STANDARD = gnu99;
				GCC_NO_COMMON_BLOCKS = YES;
				GCC_WARN_64_TO_32_BIT_CONVERSION = YES;
				GCC_WARN_ABOUT_RETURN_TYPE = YES_ERROR;
				GCC_WARN_UNDECLARED_SELECTOR = YES;
				GCC_WARN_UNINITIALIZED_AUTOS = YES_AGGRESSIVE;
				GCC_WARN_UNUSED_FUNCTION = YES;
				GCC_WARN_UNUSED_VARIABLE = YES;
				IPHONEOS_DEPLOYMENT_TARGET = 10.0;
				MTL_ENABLE_DEBUG_INFO = NO;
				SDKROOT = iphoneos;
				SWIFT_OPTIMIZATION_LEVEL = "-Owholemodule";
				VALIDATE_PRODUCT = YES;
			};
			name = Release;
		};
		355F809B1F39385E0008AA99 /* Debug */ = {
			isa = XCBuildConfiguration;
			baseConfigurationReference = D65783B4565503D75E049BD0 /* Pods-Iphone RND.debug.xcconfig */;
			buildSettings = {
				ASSETCATALOG_COMPILER_APPICON_NAME = AppIcon;
				INFOPLIST_FILE = "Iphone RND/Info.plist";
				LD_RUNPATH_SEARCH_PATHS = "$(inherited) @executable_path/Frameworks";
				PRODUCT_BUNDLE_IDENTIFIER = "Sp-inc.Iphone-RND";
				PRODUCT_NAME = "$(TARGET_NAME)";
				SWIFT_VERSION = 3.0;
			};
			name = Debug;
		};
		355F809C1F39385E0008AA99 /* Release */ = {
			isa = XCBuildConfiguration;
			baseConfigurationReference = 12E01FF484D493C12EF3083C /* Pods-Iphone RND.release.xcconfig */;
			buildSettings = {
				ASSETCATALOG_COMPILER_APPICON_NAME = AppIcon;
				INFOPLIST_FILE = "Iphone RND/Info.plist";
				LD_RUNPATH_SEARCH_PATHS = "$(inherited) @executable_path/Frameworks";
				PRODUCT_BUNDLE_IDENTIFIER = "Sp-inc.Iphone-RND";
				PRODUCT_NAME = "$(TARGET_NAME)";
				SWIFT_VERSION = 3.0;
			};
			name = Release;
		};
/* End XCBuildConfiguration section */

/* Begin XCConfigurationList section */
		355F80831F39385E0008AA99 /* Build configuration list for PBXProject "Iphone RND" */ = {
			isa = XCConfigurationList;
			buildConfigurations = (
				355F80981F39385E0008AA99 /* Debug */,
				355F80991F39385E0008AA99 /* Release */,
			);
			defaultConfigurationIsVisible = 0;
			defaultConfigurationName = Release;
		};
		355F809A1F39385E0008AA99 /* Build configuration list for PBXNativeTarget "Iphone RND" */ = {
			isa = XCConfigurationList;
			buildConfigurations = (
				355F809B1F39385E0008AA99 /* Debug */,
				355F809C1F39385E0008AA99 /* Release */,
			);
			defaultConfigurationIsVisible = 0;
			defaultConfigurationName = Release;
		};
/* End XCConfigurationList section */
	};
	rootObject = 355F80801F39385E0008AA99 /* Project object */;
}
