// !$*UTF8*$!
{
	archiveVersion = 1;
	classes = {
	};
	objectVersion = 46;
	objects = {

/* Begin PBXBuildFile section */
		355F808C1F39385E0008AA99 /* AppDelegate.swift in Sources */ = {isa = PBXBuildFile; fileRef = 355F808B1F39385E0008AA99 /* AppDelegate.swift */; };
		355F808E1F39385E0008AA99 /* ViewController.swift in Sources */ = {isa = PBXBuildFile; fileRef = 355F808D1F39385E0008AA99 /* ViewController.swift */; };
		355F80911F39385E0008AA99 /* Main.storyboard in Resources */ = {isa = PBXBuildFile; fileRef = 355F808F1F39385E0008AA99 /* Main.storyboard */; };
		355F80931F39385E0008AA99 /* Assets.xcassets in Resources */ = {isa = PBXBuildFile; fileRef = 355F80921F39385E0008AA99 /* Assets.xcassets */; };
		355F80961F39385E0008AA99 /* LaunchScreen.storyboard in Resources */ = {isa = PBXBuildFile; fileRef = 355F80941F39385E0008AA99 /* LaunchScreen.storyboard */; };
/* End PBXBuildFile section */

/* Begin PBXFileReference section */
		355F80881F39385E0008AA99 /* Iphone RND.app */ = {isa = PBXFileReference; explicitFileType = wrapper.application; includeInIndex = 0; path = "Iphone RND.app"; sourceTree = BUILT_PRODUCTS_DIR; };
		355F808B1F39385E0008AA99 /* AppDelegate.swift */ = {isa = PBXFileReference; lastKnownFileType = sourcecode.swift; path = AppDelegate.swift; sourceTree = "<group>"; };
		355F808D1F39385E0008AA99 /* ViewController.swift */ = {isa = PBXFileReference; lastKnownFileType = sourcecode.swift; path = ViewController.swift; sourceTree = "<group>"; };
		355F80901F39385E0008AA99 /* Base */ = {isa = PBXFileReference; lastKnownFileType = file.storyboard; name = Base; path = Base.lproj/Main.storyboard; sourceTree = "<group>"; };
		355F80921F39385E0008AA99 /* Assets.xcassets */ = {isa = PBXFileReference; lastKnownFileType = folder.assetcatalog; path = Assets.xcassets; sourceTree = "<group>"; };
		355F80951F39385E0008AA99 /* Base */ = {isa = PBXFileReference; lastKnownFileType = file.storyboard; name = Base; path = Base.lproj/LaunchScreen.storyboard; sourceTree = "<group>"; };
		355F80971F39385E0008AA99 /* Info.plist */ = {isa = PBXFileReference; lastKnownFileType = text.plist.xml; path = Info.plist; sourceTree = "<group>"; };
/* End PBXFileReference section */

/* Begin PBXFrameworksBuildPhase section */
		355F80851F39385E0008AA99 /* Frameworks */ = {
			isa = PBXFrameworksBuildPhase;
			buildActionMask = 2147483647;
			files = (
			);
			runOnlyForDeploymentPostprocessing = 0;
		};
/* End PBXFrameworksBuildPhase section */

/* Begin PBXGroup section */
		355F807F1F39385E0008AA99 = {
			isa = PBXGroup;
			children = (
				355F808A1F39385E0008AA99 /* Iphone RND */,
				355F80891F39385E0008AA99 /* Products */,
			);
			sourceTree = "<group>";
		};
		355F80891F39385E0008AA99 /* Products */ = {
			isa = PBXGroup;
			children = (
				355F80881F39385E0008AA99 /* Iphone RND.app */,
			);
			name = Products;
			sourceTree = "<group>";
		};
		355F808A1F39385E0008AA99 /* Iphone RND */ = {
			isa = PBXGroup;
			children = (
				355F808B1F39385E0008AA99 /* AppDelegate.swift */,
				355F808D1F39385E0008AA99 /* ViewController.swift */,
				355F808F1F39385E0008AA99 /* Main.storyboard */,
				355F80921F39385E0008AA99 /* Assets.xcassets */,
				355F80941F39385E0008AA99 /* LaunchScreen.storyboard */,
				355F80971F39385E0008AA99 /* Info.plist */,
			);
			path = "Iphone RND";
			sourceTree = "<group>";
		};
/* End PBXGroup section */

/* Begin PBXNativeTarget section */
		355F80871F39385E0008AA99 /* Iphone RND */ = {
			isa = PBXNativeTarget;
			buildConfigurationList = 355F809A1F39385E0008AA99 /* Build configuration list for PBXNativeTarget "Iphone RND" */;
			buildPhases = (
				355F80841F39385E0008AA99 /* Sources */,
				355F80851F39385E0008AA99 /* Frameworks */,
				355F80861F39385E0008AA99 /* Resources */,
			);
			buildRules = (
			);
			dependencies = (
			);
			name = "Iphone RND";
			productName = "Iphone RND";
			productReference = 355F80881F39385E0008AA99 /* Iphone RND.app */;
			productType = "com.apple.product-type.application";
		};
/* End PBXNativeTarget section */

/* Begin PBXProject section */
		355F80801F39385E0008AA99 /* Project object */ = {
			isa = PBXProject;
			attributes = {
				LastSwiftUpdateCheck = 0800;
				LastUpgradeCheck = 0800;
				ORGANIZATIONNAME = "SP inc";
				TargetAttributes = {
					355F80871F39385E0008AA99 = {
						CreatedOnToolsVersion = 8.0;
						ProvisioningStyle = Automatic;
					};
				};
			};
			buildConfigurationList = 355F80831F39385E0008AA99 /* Build configuration list for PBXProject "Iphone RND" */;
			compatibilityVersion = "Xcode 3.2";
			developmentRegion = English;
			hasScannedForEncodings = 0;
			knownRegions = (
				en,
				Base,
			);
			mainGroup = 355F807F1F39385E0008AA99;
			productRefGroup = 355F80891F39385E0008AA99 /* Products */;
			projectDirPath = "";
			projectRoot = "";
			targets = (
				355F80871F39385E0008AA99 /* Iphone RND */,
			);
		};
/* End PBXProject section */

/* Begin PBXResourcesBuildPhase section */
		355F80861F39385E0008AA99 /* Resources */ = {
			isa = PBXResourcesBuildPhase;
			buildActionMask = 2147483647;
			files = (
				355F80961F39385E0008AA99 /* LaunchScreen.storyboard in Resources */,
				355F80931F39385E0008AA99 /* Assets.xcassets in Resources */,
				355F80911F39385E0008AA99 /* Main.storyboard in Resources */,
			);
			runOnlyForDeploymentPostprocessing = 0;
		};
/* End PBXResourcesBuildPhase section */

/* Begin PBXSourcesBuildPhase section */
		355F80841F39385E0008AA99 /* Sources */ = {
			isa = PBXSourcesBuildPhase;
			buildActionMask = 2147483647;
			files = (
				355F808E1F39385E0008AA99 /* ViewController.swift in Sources */,
				355F808C1F39385E0008AA99 /* AppDelegate.swift in Sources */,
			);
			runOnlyForDeploymentPostprocessing = 0;
		};
/* End PBXSourcesBuildPhase section */

/* Begin PBXVariantGroup section */
		355F808F1F39385E0008AA99 /* Main.storyboard */ = {
			isa = PBXVariantGroup;
			children = (
				355F80901F39385E0008AA99 /* Base */,
			);
			name = Main.storyboard;
			sourceTree = "<group>";
		};
		355F80941F39385E0008AA99 /* LaunchScreen.storyboard */ = {
			isa = PBXVariantGroup;
			children = (
				355F80951F39385E0008AA99 /* Base */,
			);
			name = LaunchScreen.storyboard;
			sourceTree = "<group>";
		};
/* End PBXVariantGroup section */

/* Begin XCBuildConfiguration section */
		355F80981F39385E0008AA99 /* Debug */ = {
			isa = XCBuildConfiguration;
			buildSettings = {
				ALWAYS_SEARCH_USER_PATHS = NO;
				CLANG_ANALYZER_NONNULL = YES;
				CLANG_CXX_LANGUAGE_STANDARD = "gnu++0x";
				CLANG_CXX_LIBRARY = "libc++";
				CLANG_ENABLE_MODULES = YES;
				CLANG_ENABLE_OBJC_ARC = YES;
				CLANG_WARN_BOOL_CONVERSION = YES;
				CLANG_WARN_CONSTANT_CONVERSION = YES;
				CLANG_WARN_DIRECT_OBJC_ISA_USAGE = YES_ERROR;
				CLANG_WARN_DOCUMENTATION_COMMENTS = YES;
				CLANG_WARN_EMPTY_BODY = YES;
				CLANG_WARN_ENUM_CONVERSION = YES;
				CLANG_WARN_INFINITE_RECURSION = YES;
				CLANG_WARN_INT_CONVERSION = YES;
				CLANG_WARN_OBJC_ROOT_CLASS = YES_ERROR;
				CLANG_WARN_SUSPICIOUS_MOVES = YES;
				CLANG_WARN_UNREACHABLE_CODE = YES;
				CLANG_WARN__DUPLICATE_METHOD_MATCH = YES;
				"CODE_SIGN_IDENTITY[sdk=iphoneos*]" = "iPhone Developer";
				COPY_PHASE_STRIP = NO;
				DEBUG_INFORMATION_FORMAT = dwarf;
				ENABLE_STRICT_OBJC_MSGSEND = YES;
				ENABLE_TESTABILITY = YES;
				GCC_C_LANGUAGE_STANDARD = gnu99;
				GCC_DYNAMIC_NO_PIC = NO;
				GCC_NO_COMMON_BLOCKS = YES;
				GCC_OPTIMIZATION_LEVEL = 0;
				GCC_PREPROCESSOR_DEFINITIONS = (
					"DEBUG=1",
					"$(inherited)",
				);
				GCC_WARN_64_TO_32_BIT_CONVERSION = YES;
				GCC_WARN_ABOUT_RETURN_TYPE = YES_ERROR;
				GCC_WARN_UNDECLARED_SELECTOR = YES;
				GCC_WARN_UNINITIALIZED_AUTOS = YES_AGGRESSIVE;
				GCC_WARN_UNUSED_FUNCTION = YES;
				GCC_WARN_UNUSED_VARIABLE = YES;
				IPHONEOS_DEPLOYMENT_TARGET = 10.0;
				MTL_ENABLE_DEBUG_INFO = YES;
				ONLY_ACTIVE_ARCH = YES;
				SDKROOT = iphoneos;
				SWIFT_ACTIVE_COMPILATION_CONDITIONS = DEBUG;
				SWIFT_OPTIMIZATION_LEVEL = "-Onone";
			};
			name = Debug;
		};
		355F80991F39385E0008AA99 /* Release */ = {
			isa = XCBuildConfiguration;
			buildSettings = {
				ALWAYS_SEARCH_USER_PATHS = NO;
				CLANG_ANALYZER_NONNULL = YES;
				CLANG_CXX_LANGUAGE_STANDARD = "gnu++0x";
				CLANG_CXX_LIBRARY = "libc++";
				CLANG_ENABLE_MODULES = YES;
				CLANG_ENABLE_OBJC_ARC = YES;
				CLANG_WARN_BOOL_CONVERSION = YES;
				CLANG_WARN_CONSTANT_CONVERSION = YES;
				CLANG_WARN_DIRECT_OBJC_ISA_USAGE = YES_ERROR;
				CLANG_WARN_DOCUMENTATION_COMMENTS = YES;
				CLANG_WARN_EMPTY_BODY = YES;
				CLANG_WARN_ENUM_CONVERSION = YES;
				CLANG_WARN_INFINITE_RECURSION = YES;
				CLANG_WARN_INT_CONVERSION = YES;
				CLANG_WARN_OBJC_ROOT_CLASS = YES_ERROR;
				CLANG_WARN_SUSPICIOUS_MOVES = YES;
				CLANG_WARN_UNREACHABLE_CODE = YES;
				CLANG_WARN__DUPLICATE_METHOD_MATCH = YES;
				"CODE_SIGN_IDENTITY[sdk=iphoneos*]" = "iPhone Developer";
				COPY_PHASE_STRIP = NO;
				DEBUG_INFORMATION_FORMAT = "dwarf-with-dsym";
				ENABLE_NS_ASSERTIONS = NO;
				ENABLE_STRICT_OBJC_MSGSEND = YES;
				GCC_C_LANGUAGE_STANDARD = gnu99;
				GCC_NO_COMMON_BLOCKS = YES;
				GCC_WARN_64_TO_32_BIT_CONVERSION = YES;
				GCC_WARN_ABOUT_RETURN_TYPE = YES_ERROR;
				GCC_WARN_UNDECLARED_SELECTOR = YES;
				GCC_WARN_UNINITIALIZED_AUTOS = YES_AGGRESSIVE;
				GCC_WARN_UNUSED_FUNCTION = YES;
				GCC_WARN_UNUSED_VARIABLE = YES;
				IPHONEOS_DEPLOYMENT_TARGET = 10.0;
				MTL_ENABLE_DEBUG_INFO = NO;
				SDKROOT = iphoneos;
				SWIFT_OPTIMIZATION_LEVEL = "-Owholemodule";
				VALIDATE_PRODUCT = YES;
			};
			name = Release;
		};
		355F809B1F39385E0008AA99 /* Debug */ = {
			isa = XCBuildConfiguration;
			buildSettings = {
				ASSETCATALOG_COMPILER_APPICON_NAME = AppIcon;
				INFOPLIST_FILE = "Iphone RND/Info.plist";
				LD_RUNPATH_SEARCH_PATHS = "$(inherited) @executable_path/Frameworks";
				PRODUCT_BUNDLE_IDENTIFIER = "Sp-inc.Iphone-RND";
				PRODUCT_NAME = "$(TARGET_NAME)";
				SWIFT_VERSION = 3.0;
			};
			name = Debug;
		};
		355F809C1F39385E0008AA99 /* Release */ = {
			isa = XCBuildConfiguration;
			buildSettings = {
				ASSETCATALOG_COMPILER_APPICON_NAME = AppIcon;
				INFOPLIST_FILE = "Iphone RND/Info.plist";
				LD_RUNPATH_SEARCH_PATHS = "$(inherited) @executable_path/Frameworks";
				PRODUCT_BUNDLE_IDENTIFIER = "Sp-inc.Iphone-RND";
				PRODUCT_NAME = "$(TARGET_NAME)";
				SWIFT_VERSION = 3.0;
			};
			name = Release;
		};
/* End XCBuildConfiguration section */

/* Begin XCConfigurationList section */
		355F80831F39385E0008AA99 /* Build configuration list for PBXProject "Iphone RND" */ = {
			isa = XCConfigurationList;
			buildConfigurations = (
				355F80981F39385E0008AA99 /* Debug */,
				355F80991F39385E0008AA99 /* Release */,
			);
			defaultConfigurationIsVisible = 0;
			defaultConfigurationName = Release;
		};
		355F809A1F39385E0008AA99 /* Build configuration list for PBXNativeTarget "Iphone RND" */ = {
			isa = XCConfigurationList;
			buildConfigurations = (
				355F809B1F39385E0008AA99 /* Debug */,
				355F809C1F39385E0008AA99 /* Release */,
			);
			defaultConfigurationIsVisible = 0;
		};
/* End XCConfigurationList section */
	};
	rootObject = 355F80801F39385E0008AA99 /* Project object */;
}
